Microsoft Visual Studio Solution File, Format Version 11.00
# Visual Studio 2010
Project("{FAE04EC0-301F-11D3-BF4B-00C04F79EFBC}") = "Assembly-CSharp", "Assembly-CSharp.csproj", "{BEEB0224-6C5F-C976-B90D-C9A522BF7841}"
EndProject
Project("{FAE04EC0-301F-11D3-BF4B-00C04F79EFBC}") = "Assembly-CSharp-Editor", "Assembly-CSharp-Editor.csproj", "{A2390993-3A58-3751-7D56-0BD996C8F480}"
EndProject
Global
	GlobalSection(SolutionConfigurationPlatforms) = preSolution
		Debug|Any CPU = Debug|Any CPU
		Release|Any CPU = Release|Any CPU
	EndGlobalSection
	GlobalSection(ProjectConfigurationPlatforms) = postSolution
		{BEEB0224-6C5F-C976-B90D-C9A522BF7841}.Debug|Any CPU.ActiveCfg = Debug|Any CPU
		{BEEB0224-6C5F-C976-B90D-C9A522BF7841}.Debug|Any CPU.Build.0 = Debug|Any CPU
		{BEEB0224-6C5F-C976-B90D-C9A522BF7841}.Release|Any CPU.ActiveCfg = Release|Any CPU
		{BEEB0224-6C5F-C976-B90D-C9A522BF7841}.Release|Any CPU.Build.0 = Release|Any CPU
		{A2390993-3A58-3751-7D56-0BD996C8F480}.Debug|Any CPU.ActiveCfg = Debug|Any CPU
		{A2390993-3A58-3751-7D56-0BD996C8F480}.Debug|Any CPU.Build.0 = Debug|Any CPU
		{A2390993-3A58-3751-7D56-0BD996C8F480}.Release|Any CPU.ActiveCfg = Release|Any CPU
		{A2390993-3A58-3751-7D56-0BD996C8F480}.Release|Any CPU.Build.0 = Release|Any CPU
	EndGlobalSection
	GlobalSection(SolutionProperties) = preSolution
		HideSolutionNode = FALSE
	EndGlobalSection
	GlobalSection(MonoDevelopProperties) = preSolution
		StartupItem = Assembly-CSharp.csproj
	EndGlobalSection
EndGlobal
